
Microsoft Visual Studio Solution File, Format Version 12.00
# Visual Studio Version 16
VisualStudioVersion = 16.0.29613.14
MinimumVisualStudioVersion = 10.0.40219.1
Project("{FAE04EC0-301F-11D3-BF4B-00C04F79EFBC}") = "Botlaris", "Botlaris.csproj", "{AF0DD165-551B-42A4-9009-FCD89E7C0CB4}"
EndProject
Global
	GlobalSection(SolutionConfigurationPlatforms) = preSolution
		Debug|Any CPU = Debug|Any CPU
		Release|Any CPU = Release|Any CPU
	EndGlobalSection
	GlobalSection(ProjectConfigurationPlatforms) = postSolution
		{AF0DD165-551B-42A4-9009-FCD89E7C0CB4}.Debug|Any CPU.ActiveCfg = Debug|Any CPU
		{AF0DD165-551B-42A4-9009-FCD89E7C0CB4}.Debug|Any CPU.Build.0 = Debug|Any CPU
		{AF0DD165-551B-42A4-9009-FCD89E7C0CB4}.Release|Any CPU.ActiveCfg = Release|Any CPU
		{AF0DD165-551B-42A4-9009-FCD89E7C0CB4}.Release|Any CPU.Build.0 = Release|Any CPU
	EndGlobalSection
	GlobalSection(SolutionProperties) = preSolution
		HideSolutionNode = FALSE
	EndGlobalSection
	GlobalSection(ExtensibilityGlobals) = postSolution
		SolutionGuid = {A08EA2B0-B9AA-4A26-9654-B1534DBC8C39}
	EndGlobalSection
EndGlobal
